
Microsoft Visual Studio Solution File, Format Version 12.00
# Visual Studio 2012
Project("{FAE04EC0-301F-11D3-BF4B-00C04F79EFBC}") = "NeliburSimpleApp", "Sources\NeliburSimpleApp\NeliburSimpleApp.csproj", "{6567B932-5CF0-48D0-BDFE-0B836EDC9E44}"
EndProject
Project("{FAE04EC0-301F-11D3-BF4B-00C04F79EFBC}") = "Client", "Sources\Client\Client.csproj", "{BA25D351-3559-4D61-A916-5B4267103678}"
EndProject
Project("{FAE04EC0-301F-11D3-BF4B-00C04F79EFBC}") = "Contracts", "Sources\Contracts\Contracts.csproj", "{EBE941AF-F305-4F59-8786-49D52A4560AB}"
EndProject
Global
	GlobalSection(SolutionConfigurationPlatforms) = preSolution
		Debug|Any CPU = Debug|Any CPU
		Release|Any CPU = Release|Any CPU
	EndGlobalSection
	GlobalSection(ProjectConfigurationPlatforms) = postSolution
		{6567B932-5CF0-48D0-BDFE-0B836EDC9E44}.Debug|Any CPU.ActiveCfg = Debug|Any CPU
		{6567B932-5CF0-48D0-BDFE-0B836EDC9E44}.Debug|Any CPU.Build.0 = Debug|Any CPU
		{6567B932-5CF0-48D0-BDFE-0B836EDC9E44}.Release|Any CPU.ActiveCfg = Release|Any CPU
		{6567B932-5CF0-48D0-BDFE-0B836EDC9E44}.Release|Any CPU.Build.0 = Release|Any CPU
		{BA25D351-3559-4D61-A916-5B4267103678}.Debug|Any CPU.ActiveCfg = Debug|Any CPU
		{BA25D351-3559-4D61-A916-5B4267103678}.Debug|Any CPU.Build.0 = Debug|Any CPU
		{BA25D351-3559-4D61-A916-5B4267103678}.Release|Any CPU.ActiveCfg = Release|Any CPU
		{BA25D351-3559-4D61-A916-5B4267103678}.Release|Any CPU.Build.0 = Release|Any CPU
		{EBE941AF-F305-4F59-8786-49D52A4560AB}.Debug|Any CPU.ActiveCfg = Debug|Any CPU
		{EBE941AF-F305-4F59-8786-49D52A4560AB}.Debug|Any CPU.Build.0 = Debug|Any CPU
		{EBE941AF-F305-4F59-8786-49D52A4560AB}.Release|Any CPU.ActiveCfg = Release|Any CPU
		{EBE941AF-F305-4F59-8786-49D52A4560AB}.Release|Any CPU.Build.0 = Release|Any CPU
	EndGlobalSection
	GlobalSection(SolutionProperties) = preSolution
		HideSolutionNode = FALSE
	EndGlobalSection
EndGlobal
